// !$*UTF8*$!
{
	archiveVersion = 1;
	classes = {
	};
	objectVersion = 46;
	objects = {

/* Begin PBXBuildFile section */
		E0787D421E9EF7DD00166F48 /* RTCSignaling.h in Headers */ = {isa = PBXBuildFile; fileRef = E0787D401E9EF7DD00166F48 /* RTCSignaling.h */; settings = {ATTRIBUTES = (Public, ); }; };
		E0787D511E9EF8E200166F48 /* HTTPRequest.swift in Sources */ = {isa = PBXBuildFile; fileRef = E0787D481E9EF8E200166F48 /* HTTPRequest.swift */; };
		E0787D521E9EF8E200166F48 /* RTCClient.swift in Sources */ = {isa = PBXBuildFile; fileRef = E0787D491E9EF8E200166F48 /* RTCClient.swift */; };
		E0787D531E9EF8E200166F48 /* RTCClientUtils.swift in Sources */ = {isa = PBXBuildFile; fileRef = E0787D4A1E9EF8E200166F48 /* RTCClientUtils.swift */; };
		E0787D541E9EF8E200166F48 /* RTCSignaling.h in Headers */ = {isa = PBXBuildFile; fileRef = E0787D4B1E9EF8E200166F48 /* RTCSignaling.h */; };
		E0787D551E9EF8E200166F48 /* SSLSecurity.swift in Sources */ = {isa = PBXBuildFile; fileRef = E0787D4D1E9EF8E200166F48 /* SSLSecurity.swift */; };
		E0787D561E9EF8E200166F48 /* WebSocket.swift in Sources */ = {isa = PBXBuildFile; fileRef = E0787D4E1E9EF8E200166F48 /* WebSocket.swift */; };
		E0787D571E9EF8E200166F48 /* SwiftyJSON.swift in Sources */ = {isa = PBXBuildFile; fileRef = E0787D501E9EF8E200166F48 /* SwiftyJSON.swift */; };
		E0787D5A1E9EFA0A00166F48 /* WebRTC.framework in Frameworks */ = {isa = PBXBuildFile; fileRef = E0787D591E9EFA0A00166F48 /* WebRTC.framework */; };
/* End PBXBuildFile section */

/* Begin PBXFileReference section */
		E0787D3D1E9EF7DD00166F48 /* RTCSignaling.framework */ = {isa = PBXFileReference; explicitFileType = wrapper.framework; includeInIndex = 0; path = RTCSignaling.framework; sourceTree = BUILT_PRODUCTS_DIR; };
		E0787D401E9EF7DD00166F48 /* RTCSignaling.h */ = {isa = PBXFileReference; lastKnownFileType = sourcecode.c.h; path = RTCSignaling.h; sourceTree = "<group>"; };
		E0787D411E9EF7DD00166F48 /* Info.plist */ = {isa = PBXFileReference; lastKnownFileType = text.plist.xml; path = Info.plist; sourceTree = "<group>"; };
		E0787D481E9EF8E200166F48 /* HTTPRequest.swift */ = {isa = PBXFileReference; fileEncoding = 4; lastKnownFileType = sourcecode.swift; path = HTTPRequest.swift; sourceTree = "<group>"; };
		E0787D491E9EF8E200166F48 /* RTCClient.swift */ = {isa = PBXFileReference; fileEncoding = 4; lastKnownFileType = sourcecode.swift; path = RTCClient.swift; sourceTree = "<group>"; };
		E0787D4A1E9EF8E200166F48 /* RTCClientUtils.swift */ = {isa = PBXFileReference; fileEncoding = 4; lastKnownFileType = sourcecode.swift; path = RTCClientUtils.swift; sourceTree = "<group>"; };
		E0787D4B1E9EF8E200166F48 /* RTCSignaling.h */ = {isa = PBXFileReference; fileEncoding = 4; lastKnownFileType = sourcecode.c.h; path = RTCSignaling.h; sourceTree = "<group>"; };
		E0787D4D1E9EF8E200166F48 /* SSLSecurity.swift */ = {isa = PBXFileReference; fileEncoding = 4; lastKnownFileType = sourcecode.swift; path = SSLSecurity.swift; sourceTree = "<group>"; };
		E0787D4E1E9EF8E200166F48 /* WebSocket.swift */ = {isa = PBXFileReference; fileEncoding = 4; lastKnownFileType = sourcecode.swift; path = WebSocket.swift; sourceTree = "<group>"; };
		E0787D501E9EF8E200166F48 /* SwiftyJSON.swift */ = {isa = PBXFileReference; fileEncoding = 4; lastKnownFileType = sourcecode.swift; path = SwiftyJSON.swift; sourceTree = "<group>"; };
		E0787D591E9EFA0A00166F48 /* WebRTC.framework */ = {isa = PBXFileReference; lastKnownFileType = wrapper.framework; path = WebRTC.framework; sourceTree = "<group>"; };
/* End PBXFileReference section */

/* Begin PBXFrameworksBuildPhase section */
		E0787D391E9EF7DD00166F48 /* Frameworks */ = {
			isa = PBXFrameworksBuildPhase;
			buildActionMask = 2147483647;
			files = (
				E0787D5A1E9EFA0A00166F48 /* WebRTC.framework in Frameworks */,
			);
			runOnlyForDeploymentPostprocessing = 0;
		};
/* End PBXFrameworksBuildPhase section */

/* Begin PBXGroup section */
		E0787D331E9EF7DD00166F48 = {
			isa = PBXGroup;
			children = (
				E0787D3F1E9EF7DD00166F48 /* RTCSignaling */,
				E0787D3E1E9EF7DD00166F48 /* Products */,
			);
			sourceTree = "<group>";
		};
		E0787D3E1E9EF7DD00166F48 /* Products */ = {
			isa = PBXGroup;
			children = (
				E0787D3D1E9EF7DD00166F48 /* RTCSignaling.framework */,
			);
			name = Products;
			sourceTree = "<group>";
		};
		E0787D3F1E9EF7DD00166F48 /* RTCSignaling */ = {
			isa = PBXGroup;
			children = (
				E0787D581E9EFA0A00166F48 /* Frameworks */,
				E0787D481E9EF8E200166F48 /* HTTPRequest.swift */,
				E0787D491E9EF8E200166F48 /* RTCClient.swift */,
				E0787D4A1E9EF8E200166F48 /* RTCClientUtils.swift */,
				E0787D4B1E9EF8E200166F48 /* RTCSignaling.h */,
				E0787D4C1E9EF8E200166F48 /* Starscream */,
				E0787D4F1E9EF8E200166F48 /* SwiftyJSON */,
				E0787D401E9EF7DD00166F48 /* RTCSignaling.h */,
				E0787D411E9EF7DD00166F48 /* Info.plist */,
			);
			path = RTCSignaling;
			sourceTree = "<group>";
		};
		E0787D4C1E9EF8E200166F48 /* Starscream */ = {
			isa = PBXGroup;
			children = (
				E0787D4D1E9EF8E200166F48 /* SSLSecurity.swift */,
				E0787D4E1E9EF8E200166F48 /* WebSocket.swift */,
			);
			path = Starscream;
			sourceTree = "<group>";
		};
		E0787D4F1E9EF8E200166F48 /* SwiftyJSON */ = {
			isa = PBXGroup;
			children = (
				E0787D501E9EF8E200166F48 /* SwiftyJSON.swift */,
			);
			path = SwiftyJSON;
			sourceTree = "<group>";
		};
		E0787D581E9EFA0A00166F48 /* Frameworks */ = {
			isa = PBXGroup;
			children = (
				E0787D591E9EFA0A00166F48 /* WebRTC.framework */,
			);
			path = Frameworks;
			sourceTree = "<group>";
		};
/* End PBXGroup section */

/* Begin PBXHeadersBuildPhase section */
		E0787D3A1E9EF7DD00166F48 /* Headers */ = {
			isa = PBXHeadersBuildPhase;
			buildActionMask = 2147483647;
			files = (
				E0787D421E9EF7DD00166F48 /* RTCSignaling.h in Headers */,
				E0787D541E9EF8E200166F48 /* RTCSignaling.h in Headers */,
			);
			runOnlyForDeploymentPostprocessing = 0;
		};
/* End PBXHeadersBuildPhase section */

/* Begin PBXNativeTarget section */
		E0787D3C1E9EF7DD00166F48 /* RTCSignaling */ = {
			isa = PBXNativeTarget;
			buildConfigurationList = E0787D451E9EF7DD00166F48 /* Build configuration list for PBXNativeTarget "RTCSignaling" */;
			buildPhases = (
				E0787D381E9EF7DD00166F48 /* Sources */,
				E0787D391E9EF7DD00166F48 /* Frameworks */,
				E0787D3A1E9EF7DD00166F48 /* Headers */,
				E0787D3B1E9EF7DD00166F48 /* Resources */,
			);
			buildRules = (
			);
			dependencies = (
			);
			name = RTCSignaling;
			productName = RTCSignaling;
			productReference = E0787D3D1E9EF7DD00166F48 /* RTCSignaling.framework */;
			productType = "com.apple.product-type.framework";
		};
/* End PBXNativeTarget section */

/* Begin PBXProject section */
		E0787D341E9EF7DD00166F48 /* Project object */ = {
			isa = PBXProject;
			attributes = {
				LastUpgradeCheck = 0830;
				ORGANIZATIONNAME = Innovation;
				TargetAttributes = {
					E0787D3C1E9EF7DD00166F48 = {
						CreatedOnToolsVersion = 8.3.1;
						DevelopmentTeam = SM4CZU5JS6;
						LastSwiftMigration = 0830;
						ProvisioningStyle = Automatic;
					};
				};
			};
			buildConfigurationList = E0787D371E9EF7DD00166F48 /* Build configuration list for PBXProject "RTCSignaling" */;
			compatibilityVersion = "Xcode 3.2";
			developmentRegion = English;
			hasScannedForEncodings = 0;
			knownRegions = (
				en,
			);
			mainGroup = E0787D331E9EF7DD00166F48;
			productRefGroup = E0787D3E1E9EF7DD00166F48 /* Products */;
			projectDirPath = "";
			projectRoot = "";
			targets = (
				E0787D3C1E9EF7DD00166F48 /* RTCSignaling */,
			);
		};
/* End PBXProject section */

/* Begin PBXResourcesBuildPhase section */
		E0787D3B1E9EF7DD00166F48 /* Resources */ = {
			isa = PBXResourcesBuildPhase;
			buildActionMask = 2147483647;
			files = (
			);
			runOnlyForDeploymentPostprocessing = 0;
		};
/* End PBXResourcesBuildPhase section */

/* Begin PBXSourcesBuildPhase section */
		E0787D381E9EF7DD00166F48 /* Sources */ = {
			isa = PBXSourcesBuildPhase;
			buildActionMask = 2147483647;
			files = (
				E0787D521E9EF8E200166F48 /* RTCClient.swift in Sources */,
				E0787D511E9EF8E200166F48 /* HTTPRequest.swift in Sources */,
				E0787D551E9EF8E200166F48 /* SSLSecurity.swift in Sources */,
				E0787D571E9EF8E200166F48 /* SwiftyJSON.swift in Sources */,
				E0787D531E9EF8E200166F48 /* RTCClientUtils.swift in Sources */,
				E0787D561E9EF8E200166F48 /* WebSocket.swift in Sources */,
			);
			runOnlyForDeploymentPostprocessing = 0;
		};
/* End PBXSourcesBuildPhase section */

/* Begin XCBuildConfiguration section */
		E0787D431E9EF7DD00166F48 /* Debug */ = {
			isa = XCBuildConfiguration;
			buildSettings = {
				ALWAYS_SEARCH_USER_PATHS = NO;
				CLANG_ANALYZER_NONNULL = YES;
				CLANG_ANALYZER_NUMBER_OBJECT_CONVERSION = YES_AGGRESSIVE;
				CLANG_CXX_LANGUAGE_STANDARD = "gnu++0x";
				CLANG_CXX_LIBRARY = "libc++";
				CLANG_ENABLE_MODULES = YES;
				CLANG_ENABLE_OBJC_ARC = YES;
				CLANG_WARN_BOOL_CONVERSION = YES;
				CLANG_WARN_CONSTANT_CONVERSION = YES;
				CLANG_WARN_DIRECT_OBJC_ISA_USAGE = YES_ERROR;
				CLANG_WARN_DOCUMENTATION_COMMENTS = YES;
				CLANG_WARN_EMPTY_BODY = YES;
				CLANG_WARN_ENUM_CONVERSION = YES;
				CLANG_WARN_INFINITE_RECURSION = YES;
				CLANG_WARN_INT_CONVERSION = YES;
				CLANG_WARN_OBJC_ROOT_CLASS = YES_ERROR;
				CLANG_WARN_SUSPICIOUS_MOVE = YES;
				CLANG_WARN_UNREACHABLE_CODE = YES;
				CLANG_WARN__DUPLICATE_METHOD_MATCH = YES;
				"CODE_SIGN_IDENTITY[sdk=iphoneos*]" = "iPhone Developer";
				COPY_PHASE_STRIP = NO;
				CURRENT_PROJECT_VERSION = 1;
				DEBUG_INFORMATION_FORMAT = dwarf;
				ENABLE_STRICT_OBJC_MSGSEND = YES;
				ENABLE_TESTABILITY = YES;
				GCC_C_LANGUAGE_STANDARD = gnu99;
				GCC_DYNAMIC_NO_PIC = NO;
				GCC_NO_COMMON_BLOCKS = YES;
				GCC_OPTIMIZATION_LEVEL = 0;
				GCC_PREPROCESSOR_DEFINITIONS = (
					"DEBUG=1",
					"$(inherited)",
				);
				GCC_WARN_64_TO_32_BIT_CONVERSION = YES;
				GCC_WARN_ABOUT_RETURN_TYPE = YES_ERROR;
				GCC_WARN_UNDECLARED_SELECTOR = YES;
				GCC_WARN_UNINITIALIZED_AUTOS = YES_AGGRESSIVE;
				GCC_WARN_UNUSED_FUNCTION = YES;
				GCC_WARN_UNUSED_VARIABLE = YES;
				IPHONEOS_DEPLOYMENT_TARGET = 10.3;
				MTL_ENABLE_DEBUG_INFO = YES;
				ONLY_ACTIVE_ARCH = YES;
				SDKROOT = iphoneos;
				SWIFT_ACTIVE_COMPILATION_CONDITIONS = DEBUG;
				SWIFT_OPTIMIZATION_LEVEL = "-Onone";
				TARGETED_DEVICE_FAMILY = "1,2";
				VERSIONING_SYSTEM = "apple-generic";
				VERSION_INFO_PREFIX = "";
			};
			name = Debug;
		};
		E0787D441E9EF7DD00166F48 /* Release */ = {
			isa = XCBuildConfiguration;
			buildSettings = {
				ALWAYS_SEARCH_USER_PATHS = NO;
				CLANG_ANALYZER_NONNULL = YES;
				CLANG_ANALYZER_NUMBER_OBJECT_CONVERSION = YES_AGGRESSIVE;
				CLANG_CXX_LANGUAGE_STANDARD = "gnu++0x";
				CLANG_CXX_LIBRARY = "libc++";
				CLANG_ENABLE_MODULES = YES;
				CLANG_ENABLE_OBJC_ARC = YES;
				CLANG_WARN_BOOL_CONVERSION = YES;
				CLANG_WARN_CONSTANT_CONVERSION = YES;
				CLANG_WARN_DIRECT_OBJC_ISA_USAGE = YES_ERROR;
				CLANG_WARN_DOCUMENTATION_COMMENTS = YES;
				CLANG_WARN_EMPTY_BODY = YES;
				CLANG_WARN_ENUM_CONVERSION = YES;
				CLANG_WARN_INFINITE_RECURSION = YES;
				CLANG_WARN_INT_CONVERSION = YES;
				CLANG_WARN_OBJC_ROOT_CLASS = YES_ERROR;
				CLANG_WARN_SUSPICIOUS_MOVE = YES;
				CLANG_WARN_UNREACHABLE_CODE = YES;
				CLANG_WARN__DUPLICATE_METHOD_MATCH = YES;
				"CODE_SIGN_IDENTITY[sdk=iphoneos*]" = "iPhone Developer";
				COPY_PHASE_STRIP = NO;
				CURRENT_PROJECT_VERSION = 1;
				DEBUG_INFORMATION_FORMAT = "dwarf-with-dsym";
				ENABLE_NS_ASSERTIONS = NO;
				ENABLE_STRICT_OBJC_MSGSEND = YES;
				GCC_C_LANGUAGE_STANDARD = gnu99;
				GCC_NO_COMMON_BLOCKS = YES;
				GCC_WARN_64_TO_32_BIT_CONVERSION = YES;
				GCC_WARN_ABOUT_RETURN_TYPE = YES_ERROR;
				GCC_WARN_UNDECLARED_SELECTOR = YES;
				GCC_WARN_UNINITIALIZED_AUTOS = YES_AGGRESSIVE;
				GCC_WARN_UNUSED_FUNCTION = YES;
				GCC_WARN_UNUSED_VARIABLE = YES;
				IPHONEOS_DEPLOYMENT_TARGET = 10.3;
				MTL_ENABLE_DEBUG_INFO = NO;
				SDKROOT = iphoneos;
				SWIFT_OPTIMIZATION_LEVEL = "-Owholemodule";
				TARGETED_DEVICE_FAMILY = "1,2";
				VALIDATE_PRODUCT = YES;
				VERSIONING_SYSTEM = "apple-generic";
				VERSION_INFO_PREFIX = "";
			};
			name = Release;
		};
		E0787D461E9EF7DD00166F48 /* Debug */ = {
			isa = XCBuildConfiguration;
			buildSettings = {
				CLANG_ENABLE_MODULES = YES;
				CODE_SIGN_IDENTITY = "";
				DEFINES_MODULE = YES;
				DEVELOPMENT_TEAM = SM4CZU5JS6;
				DYLIB_COMPATIBILITY_VERSION = 1;
				DYLIB_CURRENT_VERSION = 1;
				DYLIB_INSTALL_NAME_BASE = "@rpath";
				ENABLE_BITCODE = NO;
				FRAMEWORK_SEARCH_PATHS = (
					"$(inherited)",
					"$(PROJECT_DIR)/RTCSignaling/Frameworks",
				);
				INFOPLIST_FILE = RTCSignaling/Info.plist;
				INSTALL_PATH = "$(LOCAL_LIBRARY_DIR)/Frameworks";
				IPHONEOS_DEPLOYMENT_TARGET = 10.0;
				LD_RUNPATH_SEARCH_PATHS = "$(inherited) @executable_path/Frameworks @loader_path/Frameworks";
				PRODUCT_BUNDLE_IDENTIFIER = com.votebin.RTCSignaling;
				PRODUCT_NAME = "$(TARGET_NAME)";
				SKIP_INSTALL = YES;
				SWIFT_OPTIMIZATION_LEVEL = "-Onone";
				SWIFT_VERSION = 3.0;
			};
			name = Debug;
		};
		E0787D471E9EF7DD00166F48 /* Release */ = {
			isa = XCBuildConfiguration;
			buildSettings = {
				CLANG_ENABLE_MODULES = YES;
				CODE_SIGN_IDENTITY = "";
				DEFINES_MODULE = YES;
				DEVELOPMENT_TEAM = SM4CZU5JS6;
				DYLIB_COMPATIBILITY_VERSION = 1;
				DYLIB_CURRENT_VERSION = 1;
				DYLIB_INSTALL_NAME_BASE = "@rpath";
				ENABLE_BITCODE = NO;
				FRAMEWORK_SEARCH_PATHS = (
					"$(inherited)",
					"$(PROJECT_DIR)/RTCSignaling/Frameworks",
				);
				INFOPLIST_FILE = RTCSignaling/Info.plist;
				INSTALL_PATH = "$(LOCAL_LIBRARY_DIR)/Frameworks";
				IPHONEOS_DEPLOYMENT_TARGET = 10.0;
				LD_RUNPATH_SEARCH_PATHS = "$(inherited) @executable_path/Frameworks @loader_path/Frameworks";
				PRODUCT_BUNDLE_IDENTIFIER = com.votebin.RTCSignaling;
				PRODUCT_NAME = "$(TARGET_NAME)";
				SKIP_INSTALL = YES;
				SWIFT_VERSION = 3.0;
			};
			name = Release;
		};
/* End XCBuildConfiguration section */

/* Begin XCConfigurationList section */
		E0787D371E9EF7DD00166F48 /* Build configuration list for PBXProject "RTCSignaling" */ = {
			isa = XCConfigurationList;
			buildConfigurations = (
				E0787D431E9EF7DD00166F48 /* Debug */,
				E0787D441E9EF7DD00166F48 /* Release */,
			);
			defaultConfigurationIsVisible = 0;
			defaultConfigurationName = Release;
		};
		E0787D451E9EF7DD00166F48 /* Build configuration list for PBXNativeTarget "RTCSignaling" */ = {
			isa = XCConfigurationList;
			buildConfigurations = (
				E0787D461E9EF7DD00166F48 /* Debug */,
				E0787D471E9EF7DD00166F48 /* Release */,
			);
			defaultConfigurationIsVisible = 0;
			defaultConfigurationName = Release;
		};
/* End XCConfigurationList section */
	};
	rootObject = E0787D341E9EF7DD00166F48 /* Project object */;
}
